
Microsoft Visual Studio Solution File, Format Version 12.00
# Blend for Visual Studio Version 17
VisualStudioVersion = 17.12.35707.178 d17.12
MinimumVisualStudioVersion = 10.0.40219.1
Project("{FAE04EC0-301F-11D3-BF4B-00C04F79EFBC}") = "LibraryManagmentSystem", "LibraryManagmentSystem\LibraryManagmentSystem.csproj", "{72CA8C53-DAFA-4491-846B-4DD32BF587FE}"
EndProject
Global
	GlobalSection(SolutionConfigurationPlatforms) = preSolution
		Debug|Any CPU = Debug|Any CPU
		Release|Any CPU = Release|Any CPU
	EndGlobalSection
	GlobalSection(ProjectConfigurationPlatforms) = postSolution
		{72CA8C53-DAFA-4491-846B-4DD32BF587FE}.Debug|Any CPU.ActiveCfg = Debug|Any CPU
		{72CA8C53-DAFA-4491-846B-4DD32BF587FE}.Debug|Any CPU.Build.0 = Debug|Any CPU
		{72CA8C53-DAFA-4491-846B-4DD32BF587FE}.Release|Any CPU.ActiveCfg = Release|Any CPU
		{72CA8C53-DAFA-4491-846B-4DD32BF587FE}.Release|Any CPU.Build.0 = Release|Any CPU
	EndGlobalSection
	GlobalSection(SolutionProperties) = preSolution
		HideSolutionNode = FALSE
	EndGlobalSection
EndGlobal
